
Microsoft Visual Studio Solution File, Format Version 12.00
# Visual Studio Version 17
VisualStudioVersion = 17.2.32630.192
MinimumVisualStudioVersion = 10.0.40219.1
Project("{FAE04EC0-301F-11D3-BF4B-00C04F79EFBC}") = "IP task 3", "IP task 3\IP task 3.csproj", "{AB573347-9262-449D-880D-E4D407364B21}"
EndProject
Global
	GlobalSection(SolutionConfigurationPlatforms) = preSolution
		Debug|Any CPU = Debug|Any CPU
		Release|Any CPU = Release|Any CPU
	EndGlobalSection
	GlobalSection(ProjectConfigurationPlatforms) = postSolution
		{AB573347-9262-449D-880D-E4D407364B21}.Debug|Any CPU.ActiveCfg = Debug|Any CPU
		{AB573347-9262-449D-880D-E4D407364B21}.Debug|Any CPU.Build.0 = Debug|Any CPU
		{AB573347-9262-449D-880D-E4D407364B21}.Release|Any CPU.ActiveCfg = Release|Any CPU
		{AB573347-9262-449D-880D-E4D407364B21}.Release|Any CPU.Build.0 = Release|Any CPU
	EndGlobalSection
	GlobalSection(SolutionProperties) = preSolution
		HideSolutionNode = FALSE
	EndGlobalSection
	GlobalSection(ExtensibilityGlobals) = postSolution
		SolutionGuid = {36280119-EC2E-44F5-A24E-AF1355A5DD0E}
	EndGlobalSection
EndGlobal
